github.com/48thFlame/Command-Shell v1.0.0 h1:1LG6pOvyMsFyhsHmQNaWk+U+GcY1LEtbsbN5E6xEHoc=
github.com/48thFlame/Command-Shell v1.0.0/go.mod h1:VU65QIqo+Pb1ohzBrGYPvrSw888eYabRHvUYyihl7+4=
github.com/eiannone/keyboard v0.0.0-20220611211555-0d226195f203 h1:XBBHcIb256gUJtLmY22n99HaZTz+r2Z51xUPi01m3wg=
github.com/eiannone/keyboard v0.0.0-20220611211555-0d226195f203/go.mod h1:E1jcSv8FaEny+OP/5k9UxZVw9YFWGj7eI4KR/iOBqCg=
golang.org/x/sys v0.0.0-20220520151302-bc2c85ada10a h1:dGzPydgVsqGcTRVwiLJ1jVbufYwmzD3LfVPLKsKg+0k=
golang.org/x/sys v0.0.0-20220520151302-bc2c85ada10a/go.mod h1:oPkhp1MJrh7nUepCBck5+mAzfO9JrbApNNgaTdGDITg=
